
Microsoft Visual Studio Solution File, Format Version 12.00
# Visual Studio 15
Project("{FAE04EC0-301F-11D3-BF4B-00C04F79EFBC}") = "Assembly-CSharp", "Assembly-CSharp.csproj", "{CFF2ADE0-9766-2E1A-A7CD-243F818F6C04}"
EndProject
Project("{FAE04EC0-301F-11D3-BF4B-00C04F79EFBC}") = "Assembly-CSharp-Editor", "Assembly-CSharp-Editor.csproj", "{5BAFE125-1F04-B1A0-F9EE-EE5F9C153B37}"
EndProject
Global
	GlobalSection(SolutionConfigurationPlatforms) = preSolution
		Debug|Any CPU = Debug|Any CPU
		Release|Any CPU = Release|Any CPU
	EndGlobalSection
	GlobalSection(ProjectConfigurationPlatforms) = postSolution
		{CFF2ADE0-9766-2E1A-A7CD-243F818F6C04}.Debug|Any CPU.ActiveCfg = Debug|Any CPU
		{CFF2ADE0-9766-2E1A-A7CD-243F818F6C04}.Debug|Any CPU.Build.0 = Debug|Any CPU
		{CFF2ADE0-9766-2E1A-A7CD-243F818F6C04}.Release|Any CPU.ActiveCfg = Release|Any CPU
		{CFF2ADE0-9766-2E1A-A7CD-243F818F6C04}.Release|Any CPU.Build.0 = Release|Any CPU
		{5BAFE125-1F04-B1A0-F9EE-EE5F9C153B37}.Debug|Any CPU.ActiveCfg = Debug|Any CPU
		{5BAFE125-1F04-B1A0-F9EE-EE5F9C153B37}.Debug|Any CPU.Build.0 = Debug|Any CPU
		{5BAFE125-1F04-B1A0-F9EE-EE5F9C153B37}.Release|Any CPU.ActiveCfg = Release|Any CPU
		{5BAFE125-1F04-B1A0-F9EE-EE5F9C153B37}.Release|Any CPU.Build.0 = Release|Any CPU
	EndGlobalSection
	GlobalSection(SolutionProperties) = preSolution
		HideSolutionNode = FALSE
	EndGlobalSection
EndGlobal
